
Microsoft Visual Studio Solution File, Format Version 12.00
# Visual Studio Version 17
VisualStudioVersion = 17.0.31903.59
MinimumVisualStudioVersion = 10.0.40219.1
Project("{FAE04EC0-301F-11D3-BF4B-00C04F79EFBC}") = "LaboratoryWork1", "LaboratoryWork1\LaboratoryWork1.csproj", "{73311CD6-53BA-4A34-95E9-0DB36E975B5B}"
EndProject
Global
	GlobalSection(SolutionConfigurationPlatforms) = preSolution
		Debug|Any CPU = Debug|Any CPU
		Release|Any CPU = Release|Any CPU
	EndGlobalSection
	GlobalSection(ProjectConfigurationPlatforms) = postSolution
		{73311CD6-53BA-4A34-95E9-0DB36E975B5B}.Debug|Any CPU.ActiveCfg = Debug|Any CPU
		{73311CD6-53BA-4A34-95E9-0DB36E975B5B}.Debug|Any CPU.Build.0 = Debug|Any CPU
		{73311CD6-53BA-4A34-95E9-0DB36E975B5B}.Release|Any CPU.ActiveCfg = Release|Any CPU
		{73311CD6-53BA-4A34-95E9-0DB36E975B5B}.Release|Any CPU.Build.0 = Release|Any CPU
	EndGlobalSection
	GlobalSection(SolutionProperties) = preSolution
		HideSolutionNode = FALSE
	EndGlobalSection
	GlobalSection(ExtensibilityGlobals) = postSolution
		SolutionGuid = {A0A39A4F-1DEC-40EF-AA1D-530DA703220A}
	EndGlobalSection
EndGlobal
